<?xml version="1.0" encoding="UTF-8" standalone="yes" ?>
<CodeBlocks_project_file>
	<FileVersion major="1" minor="6" />
	<Project>
		<Option title="FCT_Img" />
		<Option pch_mode="2" />
		<Option compiler="gcc" />
		<Option virtualFolders="Model\;View\;Controller\;" />
		<Build>
			<Target title="Debug">
				<Option output="bin/Debug/FCT_Img" prefix_auto="1" extension_auto="1" />
				<Option object_output="obj/Debug/" />
				<Option type="1" />
				<Option compiler="gcc" />
				<Compiler>
					<Add option="-g" />
				</Compiler>
				<Linker>
					<Add library="lib/alocar/libLibrary_Mem_double.a" />
				</Linker>
			</Target>
			<Target title="Release">
				<Option output="bin/Release/FCT_Img" prefix_auto="1" extension_auto="1" />
				<Option object_output="obj/Release/" />
				<Option type="1" />
				<Option compiler="gcc" />
				<Compiler>
					<Add option="-O2" />
				</Compiler>
				<Linker>
					<Add option="-s" />
				</Linker>
			</Target>
		</Build>
		<Compiler>
			<Add option="-Wall" />
			<Add option="-fexceptions" />
		</Compiler>
		<Unit filename="CMD_interface.cpp">
			<Option virtualFolder="View/" />
		</Unit>
		<Unit filename="Controller.cpp">
			<Option virtualFolder="Controller/" />
		</Unit>
		<Unit filename="Filter.cpp">
			<Option virtualFolder="Model/" />
		</Unit>
		<Unit filename="Image.cpp">
			<Option virtualFolder="Model/" />
		</Unit>
		<Extensions>
			<code_completion />
			<envvars />
			<debugger />
		</Extensions>
	</Project>
</CodeBlocks_project_file>
